
Microsoft Visual Studio Solution File, Format Version 12.00
# Visual Studio Version 16
VisualStudioVersion = 16.0.29025.244
MinimumVisualStudioVersion = 10.0.40219.1
Project("{FAE04EC0-301F-11D3-BF4B-00C04F79EFBC}") = "MVC_SignalR", "MVC_SignalR\MVC_SignalR.csproj", "{D3EC7E6A-5B28-4CB7-84DC-ABC0952DFA4A}"
EndProject
Global
	GlobalSection(SolutionConfigurationPlatforms) = preSolution
		Debug|Any CPU = Debug|Any CPU
		Release|Any CPU = Release|Any CPU
	EndGlobalSection
	GlobalSection(ProjectConfigurationPlatforms) = postSolution
		{D3EC7E6A-5B28-4CB7-84DC-ABC0952DFA4A}.Debug|Any CPU.ActiveCfg = Debug|Any CPU
		{D3EC7E6A-5B28-4CB7-84DC-ABC0952DFA4A}.Debug|Any CPU.Build.0 = Debug|Any CPU
		{D3EC7E6A-5B28-4CB7-84DC-ABC0952DFA4A}.Release|Any CPU.ActiveCfg = Release|Any CPU
		{D3EC7E6A-5B28-4CB7-84DC-ABC0952DFA4A}.Release|Any CPU.Build.0 = Release|Any CPU
	EndGlobalSection
	GlobalSection(SolutionProperties) = preSolution
		HideSolutionNode = FALSE
	EndGlobalSection
	GlobalSection(ExtensibilityGlobals) = postSolution
		SolutionGuid = {7953E32C-29C0-4F6A-B23C-B2A85137A6DA}
	EndGlobalSection
EndGlobal
